// !$*UTF8*$!
{
	archiveVersion = 1;
	classes = {
	};
	objectVersion = 56;
	objects = {

/* Begin PBXBuildFile section */
		835405722909266B00231287 /* DataStore.swift in Sources */ = {isa = PBXBuildFile; fileRef = 835405712909266B00231287 /* DataStore.swift */; };
		835405742909278300231287 /* TrainingMaterial.swift in Sources */ = {isa = PBXBuildFile; fileRef = 835405732909278300231287 /* TrainingMaterial.swift */; };
		835405762909279D00231287 /* SubChapterTableViewController.swift in Sources */ = {isa = PBXBuildFile; fileRef = 835405752909279D00231287 /* SubChapterTableViewController.swift */; };
		83540578290927BA00231287 /* ChapterTableViewController.swift in Sources */ = {isa = PBXBuildFile; fileRef = 83540577290927BA00231287 /* ChapterTableViewController.swift */; };
		83DEB807290ABECD00283AE9 /* QuestionsViewController.swift in Sources */ = {isa = PBXBuildFile; fileRef = 83DEB806290ABECD00283AE9 /* QuestionsViewController.swift */; };
		83DEB809290ABEDD00283AE9 /* ResultViewController.swift in Sources */ = {isa = PBXBuildFile; fileRef = 83DEB808290ABEDD00283AE9 /* ResultViewController.swift */; };
		83DEB80B290BDBAF00283AE9 /* Questions.swift in Sources */ = {isa = PBXBuildFile; fileRef = 83DEB80A290BDBAF00283AE9 /* Questions.swift */; };
		8EB471932909C84A00811312 /* DetailsSubChapterViewController.swift in Sources */ = {isa = PBXBuildFile; fileRef = 8EB471922909C84A00811312 /* DetailsSubChapterViewController.swift */; };
		8ECAC7C529088483006ED408 /* AppDelegate.swift in Sources */ = {isa = PBXBuildFile; fileRef = 8ECAC7C429088483006ED408 /* AppDelegate.swift */; };
		8ECAC7C729088483006ED408 /* SceneDelegate.swift in Sources */ = {isa = PBXBuildFile; fileRef = 8ECAC7C629088483006ED408 /* SceneDelegate.swift */; };
		8ECAC7CC29088483006ED408 /* Main.storyboard in Resources */ = {isa = PBXBuildFile; fileRef = 8ECAC7CA29088483006ED408 /* Main.storyboard */; };
		8ECAC7CE29088486006ED408 /* Assets.xcassets in Resources */ = {isa = PBXBuildFile; fileRef = 8ECAC7CD29088486006ED408 /* Assets.xcassets */; };
		8ECAC7D129088486006ED408 /* LaunchScreen.storyboard in Resources */ = {isa = PBXBuildFile; fileRef = 8ECAC7CF29088486006ED408 /* LaunchScreen.storyboard */; };
		8EFFF19D290E8CE50091D4B9 /* Team.swift in Sources */ = {isa = PBXBuildFile; fileRef = 8EFFF19C290E8CE50091D4B9 /* Team.swift */; };
		8EFFF19F290E8CFB0091D4B9 /* TeamInfoViewController.swift in Sources */ = {isa = PBXBuildFile; fileRef = 8EFFF19E290E8CFB0091D4B9 /* TeamInfoViewController.swift */; };
/* End PBXBuildFile section */

/* Begin PBXFileReference section */
		835405712909266B00231287 /* DataStore.swift */ = {isa = PBXFileReference; lastKnownFileType = sourcecode.swift; path = DataStore.swift; sourceTree = "<group>"; };
		835405732909278300231287 /* TrainingMaterial.swift */ = {isa = PBXFileReference; lastKnownFileType = sourcecode.swift; path = TrainingMaterial.swift; sourceTree = "<group>"; };
		835405752909279D00231287 /* SubChapterTableViewController.swift */ = {isa = PBXFileReference; lastKnownFileType = sourcecode.swift; path = SubChapterTableViewController.swift; sourceTree = "<group>"; };
		83540577290927BA00231287 /* ChapterTableViewController.swift */ = {isa = PBXFileReference; lastKnownFileType = sourcecode.swift; path = ChapterTableViewController.swift; sourceTree = "<group>"; };
		83DEB806290ABECD00283AE9 /* QuestionsViewController.swift */ = {isa = PBXFileReference; lastKnownFileType = sourcecode.swift; path = QuestionsViewController.swift; sourceTree = "<group>"; };
		83DEB808290ABEDD00283AE9 /* ResultViewController.swift */ = {isa = PBXFileReference; lastKnownFileType = sourcecode.swift; path = ResultViewController.swift; sourceTree = "<group>"; };
		83DEB80A290BDBAF00283AE9 /* Questions.swift */ = {isa = PBXFileReference; lastKnownFileType = sourcecode.swift; path = Questions.swift; sourceTree = "<group>"; };
		8EB471922909C84A00811312 /* DetailsSubChapterViewController.swift */ = {isa = PBXFileReference; lastKnownFileType = sourcecode.swift; path = DetailsSubChapterViewController.swift; sourceTree = "<group>"; };
		8ECAC7C129088483006ED408 /* ALAApp.app */ = {isa = PBXFileReference; explicitFileType = wrapper.application; includeInIndex = 0; path = ALAApp.app; sourceTree = BUILT_PRODUCTS_DIR; };
		8ECAC7C429088483006ED408 /* AppDelegate.swift */ = {isa = PBXFileReference; lastKnownFileType = sourcecode.swift; path = AppDelegate.swift; sourceTree = "<group>"; };
		8ECAC7C629088483006ED408 /* SceneDelegate.swift */ = {isa = PBXFileReference; lastKnownFileType = sourcecode.swift; path = SceneDelegate.swift; sourceTree = "<group>"; };
		8ECAC7CB29088483006ED408 /* Base */ = {isa = PBXFileReference; lastKnownFileType = file.storyboard; name = Base; path = Base.lproj/Main.storyboard; sourceTree = "<group>"; };
		8ECAC7CD29088486006ED408 /* Assets.xcassets */ = {isa = PBXFileReference; lastKnownFileType = folder.assetcatalog; path = Assets.xcassets; sourceTree = "<group>"; };
		8ECAC7D029088486006ED408 /* Base */ = {isa = PBXFileReference; lastKnownFileType = file.storyboard; name = Base; path = Base.lproj/LaunchScreen.storyboard; sourceTree = "<group>"; };
		8ECAC7D229088486006ED408 /* Info.plist */ = {isa = PBXFileReference; lastKnownFileType = text.plist.xml; path = Info.plist; sourceTree = "<group>"; };
		8EFFF19C290E8CE50091D4B9 /* Team.swift */ = {isa = PBXFileReference; lastKnownFileType = sourcecode.swift; path = Team.swift; sourceTree = "<group>"; };
		8EFFF19E290E8CFB0091D4B9 /* TeamInfoViewController.swift */ = {isa = PBXFileReference; lastKnownFileType = sourcecode.swift; path = TeamInfoViewController.swift; sourceTree = "<group>"; };
/* End PBXFileReference section */

/* Begin PBXFrameworksBuildPhase section */
		8ECAC7BE29088483006ED408 /* Frameworks */ = {
			isa = PBXFrameworksBuildPhase;
			buildActionMask = 2147483647;
			files = (
			);
			runOnlyForDeploymentPostprocessing = 0;
		};
/* End PBXFrameworksBuildPhase section */

/* Begin PBXGroup section */
		8354056F2909249500231287 /* App */ = {
			isa = PBXGroup;
			children = (
				8ECAC7C429088483006ED408 /* AppDelegate.swift */,
				8ECAC7C629088483006ED408 /* SceneDelegate.swift */,
				8ECAC7D229088486006ED408 /* Info.plist */,
			);
			path = App;
			sourceTree = "<group>";
		};
		83540570290924E700231287 /* Storyboard */ = {
			isa = PBXGroup;
			children = (
				8ECAC7CA29088483006ED408 /* Main.storyboard */,
				8ECAC7CF29088486006ED408 /* LaunchScreen.storyboard */,
			);
			path = Storyboard;
			sourceTree = "<group>";
		};
		83540579290927CC00231287 /* ViewControllers */ = {
			isa = PBXGroup;
			children = (
				83540577290927BA00231287 /* ChapterTableViewController.swift */,
				835405752909279D00231287 /* SubChapterTableViewController.swift */,
				8EB471922909C84A00811312 /* DetailsSubChapterViewController.swift */,
				83DEB806290ABECD00283AE9 /* QuestionsViewController.swift */,
				83DEB808290ABEDD00283AE9 /* ResultViewController.swift */,
			);
			path = ViewControllers;
			sourceTree = "<group>";
		};
		8354057A290927DE00231287 /* Services */ = {
			isa = PBXGroup;
			children = (
				835405712909266B00231287 /* DataStore.swift */,
			);
			path = Services;
			sourceTree = "<group>";
		};
		8354057B290927E900231287 /* Models */ = {
			isa = PBXGroup;
			children = (
				835405732909278300231287 /* TrainingMaterial.swift */,
				8EFFF19C290E8CE50091D4B9 /* Team.swift */,
				83DEB80A290BDBAF00283AE9 /* Questions.swift */,
			);
			path = Models;
			sourceTree = "<group>";
		};
		8ECAC7B829088482006ED408 = {
			isa = PBXGroup;
			children = (
				8ECAC7C329088483006ED408 /* ALAApp */,
				8ECAC7C229088483006ED408 /* Products */,
			);
			sourceTree = "<group>";
		};
		8ECAC7C229088483006ED408 /* Products */ = {
			isa = PBXGroup;
			children = (
				8ECAC7C129088483006ED408 /* ALAApp.app */,
			);
			name = Products;
			sourceTree = "<group>";
		};
		8ECAC7C329088483006ED408 /* ALAApp */ = {
			isa = PBXGroup;
			children = (
				8354056F2909249500231287 /* App */,
				8354057A290927DE00231287 /* Services */,
				8354057B290927E900231287 /* Models */,
				83540579290927CC00231287 /* ViewControllers */,
				83540570290924E700231287 /* Storyboard */,
				8ECAC7CD29088486006ED408 /* Assets.xcassets */,
			);
			path = ALAApp;
			sourceTree = "<group>";
		};
/* End PBXGroup section */

/* Begin PBXNativeTarget section */
		8ECAC7C029088483006ED408 /* ALAApp */ = {
			isa = PBXNativeTarget;
			buildConfigurationList = 8ECAC7D529088486006ED408 /* Build configuration list for PBXNativeTarget "ALAApp" */;
			buildPhases = (
				8ECAC7BD29088483006ED408 /* Sources */,
				8ECAC7BE29088483006ED408 /* Frameworks */,
				8ECAC7BF29088483006ED408 /* Resources */,
			);
			buildRules = (
			);
			dependencies = (
			);
			name = ALAApp;
			productName = ALAApp;
			productReference = 8ECAC7C129088483006ED408 /* ALAApp.app */;
			productType = "com.apple.product-type.application";
		};
/* End PBXNativeTarget section */

/* Begin PBXProject section */
		8ECAC7B929088482006ED408 /* Project object */ = {
			isa = PBXProject;
			attributes = {
				BuildIndependentTargetsInParallel = 1;
				LastSwiftUpdateCheck = 1400;
				LastUpgradeCheck = 1400;
				TargetAttributes = {
					8ECAC7C029088483006ED408 = {
						CreatedOnToolsVersion = 14.0.1;
					};
				};
			};
			buildConfigurationList = 8ECAC7BC29088483006ED408 /* Build configuration list for PBXProject "ALAApp" */;
			compatibilityVersion = "Xcode 14.0";
			developmentRegion = en;
			hasScannedForEncodings = 0;
			knownRegions = (
				en,
				Base,
			);
			mainGroup = 8ECAC7B829088482006ED408;
			productRefGroup = 8ECAC7C229088483006ED408 /* Products */;
			projectDirPath = "";
			projectRoot = "";
			targets = (
				8ECAC7C029088483006ED408 /* ALAApp */,
			);
		};
/* End PBXProject section */

/* Begin PBXResourcesBuildPhase section */
		8ECAC7BF29088483006ED408 /* Resources */ = {
			isa = PBXResourcesBuildPhase;
			buildActionMask = 2147483647;
			files = (
				8ECAC7D129088486006ED408 /* LaunchScreen.storyboard in Resources */,
				8ECAC7CE29088486006ED408 /* Assets.xcassets in Resources */,
				8ECAC7CC29088483006ED408 /* Main.storyboard in Resources */,
			);
			runOnlyForDeploymentPostprocessing = 0;
		};
/* End PBXResourcesBuildPhase section */

/* Begin PBXSourcesBuildPhase section */
		8ECAC7BD29088483006ED408 /* Sources */ = {
			isa = PBXSourcesBuildPhase;
			buildActionMask = 2147483647;
			files = (
				8EB471932909C84A00811312 /* DetailsSubChapterViewController.swift in Sources */,
				8EFFF19F290E8CFB0091D4B9 /* TeamInfoViewController.swift in Sources */,
				835405742909278300231287 /* TrainingMaterial.swift in Sources */,
				83DEB807290ABECD00283AE9 /* QuestionsViewController.swift in Sources */,
				83DEB80B290BDBAF00283AE9 /* Questions.swift in Sources */,
				8ECAC7C529088483006ED408 /* AppDelegate.swift in Sources */,
				835405722909266B00231287 /* DataStore.swift in Sources */,
				835405762909279D00231287 /* SubChapterTableViewController.swift in Sources */,
				83540578290927BA00231287 /* ChapterTableViewController.swift in Sources */,
				8ECAC7C729088483006ED408 /* SceneDelegate.swift in Sources */,
				83DEB809290ABEDD00283AE9 /* ResultViewController.swift in Sources */,
			);
			runOnlyForDeploymentPostprocessing = 0;
		};
/* End PBXSourcesBuildPhase section */

/* Begin PBXVariantGroup section */
		8ECAC7CA29088483006ED408 /* Main.storyboard */ = {
			isa = PBXVariantGroup;
			children = (
				8ECAC7CB29088483006ED408 /* Base */,
			);
			name = Main.storyboard;
			sourceTree = "<group>";
		};
		8ECAC7CF29088486006ED408 /* LaunchScreen.storyboard */ = {
			isa = PBXVariantGroup;
			children = (
				8ECAC7D029088486006ED408 /* Base */,
			);
			name = LaunchScreen.storyboard;
			sourceTree = "<group>";
		};
/* End PBXVariantGroup section */

/* Begin XCBuildConfiguration section */
		8ECAC7D329088486006ED408 /* Debug */ = {
			isa = XCBuildConfiguration;
			buildSettings = {
				ALWAYS_SEARCH_USER_PATHS = NO;
				CLANG_ANALYZER_NONNULL = YES;
				CLANG_ANALYZER_NUMBER_OBJECT_CONVERSION = YES_AGGRESSIVE;
				CLANG_CXX_LANGUAGE_STANDARD = "gnu++20";
				CLANG_ENABLE_MODULES = YES;
				CLANG_ENABLE_OBJC_ARC = YES;
				CLANG_ENABLE_OBJC_WEAK = YES;
				CLANG_WARN_BLOCK_CAPTURE_AUTORELEASING = YES;
				CLANG_WARN_BOOL_CONVERSION = YES;
				CLANG_WARN_COMMA = YES;
				CLANG_WARN_CONSTANT_CONVERSION = YES;
				CLANG_WARN_DEPRECATED_OBJC_IMPLEMENTATIONS = YES;
				CLANG_WARN_DIRECT_OBJC_ISA_USAGE = YES_ERROR;
				CLANG_WARN_DOCUMENTATION_COMMENTS = YES;
				CLANG_WARN_EMPTY_BODY = YES;
				CLANG_WARN_ENUM_CONVERSION = YES;
				CLANG_WARN_INFINITE_RECURSION = YES;
				CLANG_WARN_INT_CONVERSION = YES;
				CLANG_WARN_NON_LITERAL_NULL_CONVERSION = YES;
				CLANG_WARN_OBJC_IMPLICIT_RETAIN_SELF = YES;
				CLANG_WARN_OBJC_LITERAL_CONVERSION = YES;
				CLANG_WARN_OBJC_ROOT_CLASS = YES_ERROR;
				CLANG_WARN_QUOTED_INCLUDE_IN_FRAMEWORK_HEADER = YES;
				CLANG_WARN_RANGE_LOOP_ANALYSIS = YES;
				CLANG_WARN_STRICT_PROTOTYPES = YES;
				CLANG_WARN_SUSPICIOUS_MOVE = YES;
				CLANG_WARN_UNGUARDED_AVAILABILITY = YES_AGGRESSIVE;
				CLANG_WARN_UNREACHABLE_CODE = YES;
				CLANG_WARN__DUPLICATE_METHOD_MATCH = YES;
				COPY_PHASE_STRIP = NO;
				DEBUG_INFORMATION_FORMAT = dwarf;
				ENABLE_STRICT_OBJC_MSGSEND = YES;
				ENABLE_TESTABILITY = YES;
				GCC_C_LANGUAGE_STANDARD = gnu11;
				GCC_DYNAMIC_NO_PIC = NO;
				GCC_NO_COMMON_BLOCKS = YES;
				GCC_OPTIMIZATION_LEVEL = 0;
				GCC_PREPROCESSOR_DEFINITIONS = (
					"DEBUG=1",
					"$(inherited)",
				);
				GCC_WARN_64_TO_32_BIT_CONVERSION = YES;
				GCC_WARN_ABOUT_RETURN_TYPE = YES_ERROR;
				GCC_WARN_UNDECLARED_SELECTOR = YES;
				GCC_WARN_UNINITIALIZED_AUTOS = YES_AGGRESSIVE;
				GCC_WARN_UNUSED_FUNCTION = YES;
				GCC_WARN_UNUSED_VARIABLE = YES;
				IPHONEOS_DEPLOYMENT_TARGET = 16.0;
				MTL_ENABLE_DEBUG_INFO = INCLUDE_SOURCE;
				MTL_FAST_MATH = YES;
				ONLY_ACTIVE_ARCH = YES;
				SDKROOT = iphoneos;
				SWIFT_ACTIVE_COMPILATION_CONDITIONS = DEBUG;
				SWIFT_OPTIMIZATION_LEVEL = "-Onone";
			};
			name = Debug;
		};
		8ECAC7D429088486006ED408 /* Release */ = {
			isa = XCBuildConfiguration;
			buildSettings = {
				ALWAYS_SEARCH_USER_PATHS = NO;
				CLANG_ANALYZER_NONNULL = YES;
				CLANG_ANALYZER_NUMBER_OBJECT_CONVERSION = YES_AGGRESSIVE;
				CLANG_CXX_LANGUAGE_STANDARD = "gnu++20";
				CLANG_ENABLE_MODULES = YES;
				CLANG_ENABLE_OBJC_ARC = YES;
				CLANG_ENABLE_OBJC_WEAK = YES;
				CLANG_WARN_BLOCK_CAPTURE_AUTORELEASING = YES;
				CLANG_WARN_BOOL_CONVERSION = YES;
				CLANG_WARN_COMMA = YES;
				CLANG_WARN_CONSTANT_CONVERSION = YES;
				CLANG_WARN_DEPRECATED_OBJC_IMPLEMENTATIONS = YES;
				CLANG_WARN_DIRECT_OBJC_ISA_USAGE = YES_ERROR;
				CLANG_WARN_DOCUMENTATION_COMMENTS = YES;
				CLANG_WARN_EMPTY_BODY = YES;
				CLANG_WARN_ENUM_CONVERSION = YES;
				CLANG_WARN_INFINITE_RECURSION = YES;
				CLANG_WARN_INT_CONVERSION = YES;
				CLANG_WARN_NON_LITERAL_NULL_CONVERSION = YES;
				CLANG_WARN_OBJC_IMPLICIT_RETAIN_SELF = YES;
				CLANG_WARN_OBJC_LITERAL_CONVERSION = YES;
				CLANG_WARN_OBJC_ROOT_CLASS = YES_ERROR;
				CLANG_WARN_QUOTED_INCLUDE_IN_FRAMEWORK_HEADER = YES;
				CLANG_WARN_RANGE_LOOP_ANALYSIS = YES;
				CLANG_WARN_STRICT_PROTOTYPES = YES;
				CLANG_WARN_SUSPICIOUS_MOVE = YES;
				CLANG_WARN_UNGUARDED_AVAILABILITY = YES_AGGRESSIVE;
				CLANG_WARN_UNREACHABLE_CODE = YES;
				CLANG_WARN__DUPLICATE_METHOD_MATCH = YES;
				COPY_PHASE_STRIP = NO;
				DEBUG_INFORMATION_FORMAT = "dwarf-with-dsym";
				ENABLE_NS_ASSERTIONS = NO;
				ENABLE_STRICT_OBJC_MSGSEND = YES;
				GCC_C_LANGUAGE_STANDARD = gnu11;
				GCC_NO_COMMON_BLOCKS = YES;
				GCC_WARN_64_TO_32_BIT_CONVERSION = YES;
				GCC_WARN_ABOUT_RETURN_TYPE = YES_ERROR;
				GCC_WARN_UNDECLARED_SELECTOR = YES;
				GCC_WARN_UNINITIALIZED_AUTOS = YES_AGGRESSIVE;
				GCC_WARN_UNUSED_FUNCTION = YES;
				GCC_WARN_UNUSED_VARIABLE = YES;
				IPHONEOS_DEPLOYMENT_TARGET = 16.0;
				MTL_ENABLE_DEBUG_INFO = NO;
				MTL_FAST_MATH = YES;
				SDKROOT = iphoneos;
				SWIFT_COMPILATION_MODE = wholemodule;
				SWIFT_OPTIMIZATION_LEVEL = "-O";
				VALIDATE_PRODUCT = YES;
			};
			name = Release;
		};
		8ECAC7D629088486006ED408 /* Debug */ = {
			isa = XCBuildConfiguration;
			buildSettings = {
				ASSETCATALOG_COMPILER_APPICON_NAME = AppIcon;
				ASSETCATALOG_COMPILER_GLOBAL_ACCENT_COLOR_NAME = AccentColor;
				CODE_SIGN_STYLE = Automatic;
				CURRENT_PROJECT_VERSION = 1;
				DEVELOPMENT_TEAM = 3UZQ4AV9X8;
				GENERATE_INFOPLIST_FILE = YES;
				INFOPLIST_FILE = ALAApp/App/Info.plist;
				INFOPLIST_KEY_UIApplicationSupportsIndirectInputEvents = YES;
				INFOPLIST_KEY_UILaunchStoryboardName = LaunchScreen;
				INFOPLIST_KEY_UIMainStoryboardFile = Main;
				INFOPLIST_KEY_UISupportedInterfaceOrientations = UIInterfaceOrientationPortrait;
				INFOPLIST_KEY_UISupportedInterfaceOrientations_iPad = "UIInterfaceOrientationLandscapeLeft UIInterfaceOrientationLandscapeRight UIInterfaceOrientationPortrait UIInterfaceOrientationPortraitUpsideDown";
				IPHONEOS_DEPLOYMENT_TARGET = 15.5;
				LD_RUNPATH_SEARCH_PATHS = (
					"$(inherited)",
					"@executable_path/Frameworks",
				);
				MARKETING_VERSION = 1.0;
				PRODUCT_BUNDLE_IDENTIFIER = AntonBoev.ALAApp;
				PRODUCT_NAME = "$(TARGET_NAME)";
				SUPPORTED_PLATFORMS = "iphoneos iphonesimulator";
				SUPPORTS_MACCATALYST = NO;
				SUPPORTS_MAC_DESIGNED_FOR_IPHONE_IPAD = NO;
				SWIFT_EMIT_LOC_STRINGS = YES;
				SWIFT_VERSION = 5.0;
				TARGETED_DEVICE_FAMILY = 1;
			};
			name = Debug;
		};
		8ECAC7D729088486006ED408 /* Release */ = {
			isa = XCBuildConfiguration;
			buildSettings = {
				ASSETCATALOG_COMPILER_APPICON_NAME = AppIcon;
				ASSETCATALOG_COMPILER_GLOBAL_ACCENT_COLOR_NAME = AccentColor;
				CODE_SIGN_STYLE = Automatic;
				CURRENT_PROJECT_VERSION = 1;
				DEVELOPMENT_TEAM = 3UZQ4AV9X8;
				GENERATE_INFOPLIST_FILE = YES;
				INFOPLIST_FILE = ALAApp/App/Info.plist;
				INFOPLIST_KEY_UIApplicationSupportsIndirectInputEvents = YES;
				INFOPLIST_KEY_UILaunchStoryboardName = LaunchScreen;
				INFOPLIST_KEY_UIMainStoryboardFile = Main;
				INFOPLIST_KEY_UISupportedInterfaceOrientations = UIInterfaceOrientationPortrait;
				INFOPLIST_KEY_UISupportedInterfaceOrientations_iPad = "UIInterfaceOrientationLandscapeLeft UIInterfaceOrientationLandscapeRight UIInterfaceOrientationPortrait UIInterfaceOrientationPortraitUpsideDown";
				IPHONEOS_DEPLOYMENT_TARGET = 15.5;
				LD_RUNPATH_SEARCH_PATHS = (
					"$(inherited)",
					"@executable_path/Frameworks",
				);
				MARKETING_VERSION = 1.0;
				PRODUCT_BUNDLE_IDENTIFIER = AntonBoev.ALAApp;
				PRODUCT_NAME = "$(TARGET_NAME)";
				SUPPORTED_PLATFORMS = "iphoneos iphonesimulator";
				SUPPORTS_MACCATALYST = NO;
				SUPPORTS_MAC_DESIGNED_FOR_IPHONE_IPAD = NO;
				SWIFT_EMIT_LOC_STRINGS = YES;
				SWIFT_VERSION = 5.0;
				TARGETED_DEVICE_FAMILY = 1;
			};
			name = Release;
		};
/* End XCBuildConfiguration section */

/* Begin XCConfigurationList section */
		8ECAC7BC29088483006ED408 /* Build configuration list for PBXProject "ALAApp" */ = {
			isa = XCConfigurationList;
			buildConfigurations = (
				8ECAC7D329088486006ED408 /* Debug */,
				8ECAC7D429088486006ED408 /* Release */,
			);
			defaultConfigurationIsVisible = 0;
			defaultConfigurationName = Release;
		};
		8ECAC7D529088486006ED408 /* Build configuration list for PBXNativeTarget "ALAApp" */ = {
			isa = XCConfigurationList;
			buildConfigurations = (
				8ECAC7D629088486006ED408 /* Debug */,
				8ECAC7D729088486006ED408 /* Release */,
			);
			defaultConfigurationIsVisible = 0;
			defaultConfigurationName = Release;
		};
/* End XCConfigurationList section */
	};
	rootObject = 8ECAC7B929088482006ED408 /* Project object */;
}
